
Microsoft Visual Studio Solution File, Format Version 12.00
# Visual Studio 15
VisualStudioVersion = 15.0.27130.2003
MinimumVisualStudioVersion = 10.0.40219.1
Project("{FAE04EC0-301F-11D3-BF4B-00C04F79EFBC}") = "CourseProject.DAL", "CourseProject.DAL\CourseProject.DAL.csproj", "{0965BBFA-5C10-4453-9BDB-8623678774EC}"
EndProject
Project("{FAE04EC0-301F-11D3-BF4B-00C04F79EFBC}") = "CourseProject.BLL", "CourseProject.BLL\CourseProject.BLL.csproj", "{7B084947-5B29-4891-B71B-CC258572315C}"
EndProject
Project("{FAE04EC0-301F-11D3-BF4B-00C04F79EFBC}") = "CourseProject.PL", "CourseProject.PL\CourseProject.PL.csproj", "{7ED6E114-B377-414A-8B4D-8F70DC43D3F9}"
EndProject
Global
	GlobalSection(SolutionConfigurationPlatforms) = preSolution
		Debug|Any CPU = Debug|Any CPU
		Release|Any CPU = Release|Any CPU
	EndGlobalSection
	GlobalSection(ProjectConfigurationPlatforms) = postSolution
		{0965BBFA-5C10-4453-9BDB-8623678774EC}.Debug|Any CPU.ActiveCfg = Debug|Any CPU
		{0965BBFA-5C10-4453-9BDB-8623678774EC}.Debug|Any CPU.Build.0 = Debug|Any CPU
		{0965BBFA-5C10-4453-9BDB-8623678774EC}.Release|Any CPU.ActiveCfg = Release|Any CPU
		{0965BBFA-5C10-4453-9BDB-8623678774EC}.Release|Any CPU.Build.0 = Release|Any CPU
		{7B084947-5B29-4891-B71B-CC258572315C}.Debug|Any CPU.ActiveCfg = Debug|Any CPU
		{7B084947-5B29-4891-B71B-CC258572315C}.Debug|Any CPU.Build.0 = Debug|Any CPU
		{7B084947-5B29-4891-B71B-CC258572315C}.Release|Any CPU.ActiveCfg = Release|Any CPU
		{7B084947-5B29-4891-B71B-CC258572315C}.Release|Any CPU.Build.0 = Release|Any CPU
		{7ED6E114-B377-414A-8B4D-8F70DC43D3F9}.Debug|Any CPU.ActiveCfg = Debug|Any CPU
		{7ED6E114-B377-414A-8B4D-8F70DC43D3F9}.Debug|Any CPU.Build.0 = Debug|Any CPU
		{7ED6E114-B377-414A-8B4D-8F70DC43D3F9}.Release|Any CPU.ActiveCfg = Release|Any CPU
		{7ED6E114-B377-414A-8B4D-8F70DC43D3F9}.Release|Any CPU.Build.0 = Release|Any CPU
	EndGlobalSection
	GlobalSection(SolutionProperties) = preSolution
		HideSolutionNode = FALSE
	EndGlobalSection
	GlobalSection(ExtensibilityGlobals) = postSolution
		SolutionGuid = {29CF794C-646E-4242-B7C9-164AE22EFD92}
	EndGlobalSection
EndGlobal
